<?xml version="1.0" encoding="utf-8"?>
<Project ToolsVersion="4.0" xmlns="http://schemas.microsoft.com/developer/msbuild/2003">
  <ItemGroup>
    <ClCompile Include="..\tinyxml2\tinyxml2.cpp">
      <Filter>TinyXML2</Filter>
    </ClCompile>
    <ClCompile Include="..\opensteam.cpp">
      <Filter>Steam</Filter>
    </ClCompile>
    <ClCompile Include="..\taskbar.cpp">
      <Filter>Taskbar</Filter>
    </ClCompile>
    <ClCompile Include="..\calladmin-client.cpp">
      <Filter>Main</Filter>
    </ClCompile>
    <ClCompile Include="..\timer.cpp">
      <Filter>Main</Filter>
    </ClCompile>
    <ClCompile Include="..\curl_util.cpp">
      <Filter>Main</Filter>
    </ClCompile>
    <ClCompile Include="..\config.cpp">
      <Filter>Main</Filter>
    </ClCompile>
    <ClCompile Include="..\main_frame.cpp">
      <Filter>Frame</Filter>
    </ClCompile>
    <ClCompile Include="..\call_dialog.cpp">
      <Filter>Dialog</Filter>
    </ClCompile>
    <ClCompile Include="..\about_panel.cpp">
      <Filter>Panel</Filter>
    </ClCompile>
    <ClCompile Include="..\config_panel.cpp">
      <Filter>Panel</Filter>
    </ClCompile>
    <ClCompile Include="..\log_panel.cpp">
      <Filter>Panel</Filter>
    </ClCompile>
    <ClCompile Include="..\main_panel.cpp">
      <Filter>Panel</Filter>
    </ClCompile>
    <ClCompile Include="..\notebook.cpp">
      <Filter>Notebook</Filter>
    </ClCompile>
    <ClCompile Include="..\tracker_panel.cpp">
      <Filter>Panel</Filter>
    </ClCompile>
    <ClCompile Include="..\resource.cpp">
      <Filter>Resources</Filter>
    </ClCompile>
    <ClCompile Include="..\opensteam_helper.cpp">
      <Filter>Steam</Filter>
    </ClCompile>
  </ItemGroup>
  <ItemGroup>
    <ClInclude Include="..\tinyxml2\tinyxml2.h">
      <Filter>TinyXML2</Filter>
    </ClInclude>
    <ClInclude Include="..\opensteam.h">
      <Filter>Steam</Filter>
    </ClInclude>
    <ClInclude Include="..\taskbar.h">
      <Filter>Taskbar</Filter>
    </ClInclude>
    <ClInclude Include="..\calladmin-client.h">
      <Filter>Main</Filter>
    </ClInclude>
    <ClInclude Include="..\timer.h">
      <Filter>Main</Filter>
    </ClInclude>
    <ClInclude Include="..\curl_util.h">
      <Filter>Main</Filter>
    </ClInclude>
    <ClInclude Include="..\config.h">
      <Filter>Main</Filter>
    </ClInclude>
    <ClInclude Include="..\main_frame.h">
      <Filter>Frame</Filter>
    </ClInclude>
    <ClInclude Include="..\call_dialog.h">
      <Filter>Dialog</Filter>
    </ClInclude>
    <ClInclude Include="..\about_panel.h">
      <Filter>Panel</Filter>
    </ClInclude>
    <ClInclude Include="..\config_panel.h">
      <Filter>Panel</Filter>
    </ClInclude>
    <ClInclude Include="..\log_panel.h">
      <Filter>Panel</Filter>
    </ClInclude>
    <ClInclude Include="..\main_panel.h">
      <Filter>Panel</Filter>
    </ClInclude>
    <ClInclude Include="..\notebook.h">
      <Filter>Notebook</Filter>
    </ClInclude>
    <ClInclude Include="..\tracker_panel.h">
      <Filter>Panel</Filter>
    </ClInclude>
    <ClInclude Include="..\sound.h">
      <Filter>Resources</Filter>
    </ClInclude>
    <ClInclude Include="..\opensteam_helper.h">
      <Filter>Steam</Filter>
    </ClInclude>
    <ClInclude Include="..\panel.h">
      <Filter>Panel</Filter>
    </ClInclude>
  </ItemGroup>
  <ItemGroup>
    <Filter Include="TinyXML2">
      <UniqueIdentifier>{b833f0af-e32e-4318-a27a-53fde17dcc98}</UniqueIdentifier>
    </Filter>
    <Filter Include="Steam">
      <UniqueIdentifier>{d7fa3297-b19f-4680-9320-97d98a545907}</UniqueIdentifier>
    </Filter>
    <Filter Include="Taskbar">
      <UniqueIdentifier>{87b022da-4e5b-4a1b-80d7-79a852aa6c96}</UniqueIdentifier>
    </Filter>
    <Filter Include="Main">
      <UniqueIdentifier>{306b3bbf-1fe0-4b78-868a-9ef8e15482c7}</UniqueIdentifier>
    </Filter>
    <Filter Include="Resources">
      <UniqueIdentifier>{28c468e4-c3fe-4524-94eb-8e5f0a815933}</UniqueIdentifier>
    </Filter>
    <Filter Include="Panel">
      <UniqueIdentifier>{79060fd2-57f7-43e2-972e-105413197e02}</UniqueIdentifier>
    </Filter>
    <Filter Include="Frame">
      <UniqueIdentifier>{44d00b88-49e4-4049-9647-f95a898d783f}</UniqueIdentifier>
    </Filter>
    <Filter Include="Dialog">
      <UniqueIdentifier>{2149f6a4-1176-488e-a8d4-fef78fc4cb4c}</UniqueIdentifier>
    </Filter>
    <Filter Include="Notebook">
      <UniqueIdentifier>{884369d9-d192-4aad-8d15-14cf58196c89}</UniqueIdentifier>
    </Filter>
  </ItemGroup>
  <ItemGroup>
    <ResourceCompile Include="..\resources\calladmin_client.rc">
      <Filter>Resources</Filter>
    </ResourceCompile>
  </ItemGroup>
</Project>