<?xml version="1.0" encoding="utf-8"?>
<Project ToolsVersion="4.0" xmlns="http://schemas.microsoft.com/developer/msbuild/2003">
  <ItemGroup>
    <ClCompile Include="..\calladmin-client-updater.cpp">
      <Filter>Sources</Filter>
    </ClCompile>
    <ClCompile Include="..\update_dialog.cpp">
      <Filter>Sources</Filter>
    </ClCompile>
  </ItemGroup>
  <ItemGroup>
    <ClInclude Include="..\calladmin-client-updater.h">
      <Filter>Headers</Filter>
    </ClInclude>
    <ClInclude Include="..\update_dialog.h">
      <Filter>Headers</Filter>
    </ClInclude>
  </ItemGroup>
  <ItemGroup>
    <Filter Include="Headers">
      <UniqueIdentifier>{b833f0af-e32e-4318-a27a-53fde17dcc98}</UniqueIdentifier>
    </Filter>
    <Filter Include="Sources">
      <UniqueIdentifier>{d7fa3297-b19f-4680-9320-97d98a545907}</UniqueIdentifier>
    </Filter>
    <Filter Include="Resources">
      <UniqueIdentifier>{28c468e4-c3fe-4524-94eb-8e5f0a815933}</UniqueIdentifier>
    </Filter>
  </ItemGroup>
  <ItemGroup>
    <ResourceCompile Include="..\resources\calladmin-client-updater.rc">
      <Filter>Resources</Filter>
    </ResourceCompile>
  </ItemGroup>
</Project>