<?xml version="1.0" encoding="utf-8"?>
<Project ToolsVersion="4.0" xmlns="http://schemas.microsoft.com/developer/msbuild/2003">
  <ItemGroup>
    <ClCompile Include="../calladmin-client.cpp" />
    <ClCompile Include="..\tinyxml2\tinyxml2.cpp">
      <Filter>TinyXML2</Filter>
    </ClCompile>
    <ClCompile Include="..\config.cpp">
      <Filter>Dialogs</Filter>
    </ClCompile>
    <ClCompile Include="..\error.cpp">
      <Filter>Dialogs</Filter>
    </ClCompile>
    <ClCompile Include="..\call.cpp">
      <Filter>Dialogs</Filter>
    </ClCompile>
    <ClCompile Include="..\opensteam.cpp">
      <Filter>Steam</Filter>
    </ClCompile>
    <ClCompile Include="..\taskbar.cpp">
      <Filter>Taskbar</Filter>
    </ClCompile>
    <ClCompile Include="..\main.cpp">
      <Filter>Dialogs</Filter>
    </ClCompile>
  </ItemGroup>
  <ItemGroup>
    <ClInclude Include="../calladmin-client.h" />
    <ClInclude Include="..\tinyxml2\tinyxml2.h">
      <Filter>TinyXML2</Filter>
    </ClInclude>
    <ClInclude Include="..\simpleINI\SimpleIni.h">
      <Filter>SimpleINI</Filter>
    </ClInclude>
    <ClInclude Include="..\config.h">
      <Filter>Dialogs</Filter>
    </ClInclude>
    <ClInclude Include="..\error.h">
      <Filter>Dialogs</Filter>
    </ClInclude>
    <ClInclude Include="..\call.h">
      <Filter>Dialogs</Filter>
    </ClInclude>
    <ClInclude Include="..\opensteam.h">
      <Filter>Steam</Filter>
    </ClInclude>
    <ClInclude Include="..\taskbar.h">
      <Filter>Taskbar</Filter>
    </ClInclude>
    <ClInclude Include="..\main.h">
      <Filter>Dialogs</Filter>
    </ClInclude>
  </ItemGroup>
  <ItemGroup>
    <ResourceCompile Include="../calladmin-client.rc" />
  </ItemGroup>
  <ItemGroup>
    <Filter Include="TinyXML2">
      <UniqueIdentifier>{b833f0af-e32e-4318-a27a-53fde17dcc98}</UniqueIdentifier>
    </Filter>
    <Filter Include="SimpleINI">
      <UniqueIdentifier>{60ad7fa6-bdaa-4a39-b446-e769a44e878d}</UniqueIdentifier>
    </Filter>
    <Filter Include="Dialogs">
      <UniqueIdentifier>{2149f6a4-1176-488e-a8d4-fef78fc4cb4c}</UniqueIdentifier>
    </Filter>
    <Filter Include="Steam">
      <UniqueIdentifier>{d7fa3297-b19f-4680-9320-97d98a545907}</UniqueIdentifier>
    </Filter>
    <Filter Include="Taskbar">
      <UniqueIdentifier>{87b022da-4e5b-4a1b-80d7-79a852aa6c96}</UniqueIdentifier>
    </Filter>
  </ItemGroup>
</Project>